{
  "version": 1,
  "dependencies": {
    "net8.0": {
      "MailKitLite": {
        "type": "Direct",
        "requested": "[4.18.1, )",
        "resolved": "4.18.1",
        "contentHash": "0Uc8SzpjloV/SZAd79UsTP6MChVYw3WdUdQ61TRG5v7SUvwrinYXXhSm50El7i9xh46mAFe1DmomEFoob4i5MQ==",
        "dependencies": {
          "MimeKitLite": "4.18.1",
          "System.Formats.Asn1": "10.0.0"
        }
      },
      "MimeKitLite": {
        "type": "Direct",
        "requested": "[4.18.1, )",
        "resolved": "4.18.1",
        "contentHash": "lZdJDlHonEeObqHx64+FOl2BoPeSpfzT9GyuRZ4KF0SUS8chMarrk9we6K1pR3SiRVe8TwGGbGh7yvEXFyfUMw=="
      },
      "System.Formats.Asn1": {
        "type": "Transitive",
        "resolved": "10.0.0",
        "contentHash": "0QCZNYeRswlUVyo9N3hXrt5X9dqqRup53loU4K4JatdoYPhXHLrK9PwRtg5vP0Sr9QbdCOKk2luEdip/kV5Sig=="
      }
    }
  }
}